
Microsoft Visual Studio Solution File, Format Version 12.00
Project("{FAE04EC0-301F-11D3-BF4B-00C04F79EFBC}") = "MigrationService", "MigrationService\MigrationService.csproj", "{73BC3A2E-56AE-4D4A-BD5D-609AF27B145B}"
EndProject
Global
	GlobalSection(SolutionConfigurationPlatforms) = preSolution
		Debug|Any CPU = Debug|Any CPU
		Release|Any CPU = Release|Any CPU
	EndGlobalSection
	GlobalSection(ProjectConfigurationPlatforms) = postSolution
		{73BC3A2E-56AE-4D4A-BD5D-609AF27B145B}.Debug|Any CPU.ActiveCfg = Debug|Any CPU
		{73BC3A2E-56AE-4D4A-BD5D-609AF27B145B}.Debug|Any CPU.Build.0 = Debug|Any CPU
		{73BC3A2E-56AE-4D4A-BD5D-609AF27B145B}.Release|Any CPU.ActiveCfg = Release|Any CPU
		{73BC3A2E-56AE-4D4A-BD5D-609AF27B145B}.Release|Any CPU.Build.0 = Release|Any CPU
	EndGlobalSection
EndGlobal
